// !$*UTF8*$!
{
	archiveVersion = 1;
	classes = {
	};
	objectVersion = 50;
	objects = {

/* Begin PBXBuildFile section */
		98A4A2E722BA34C200A92FC0 /* AppDelegate.swift in Sources */ = {isa = PBXBuildFile; fileRef = 98A4A2E622BA34C200A92FC0 /* AppDelegate.swift */; };
		98A4A2E922BA34C200A92FC0 /* ViewController.swift in Sources */ = {isa = PBXBuildFile; fileRef = 98A4A2E822BA34C200A92FC0 /* ViewController.swift */; };
		98A4A2EC22BA34C200A92FC0 /* Main.storyboard in Resources */ = {isa = PBXBuildFile; fileRef = 98A4A2EA22BA34C200A92FC0 /* Main.storyboard */; };
		98A4A2EF22BA34C200A92FC0 /* CoreData_ToDo.xcdatamodeld in Sources */ = {isa = PBXBuildFile; fileRef = 98A4A2ED22BA34C200A92FC0 /* CoreData_ToDo.xcdatamodeld */; };
		98A4A2F122BA34C300A92FC0 /* Assets.xcassets in Resources */ = {isa = PBXBuildFile; fileRef = 98A4A2F022BA34C300A92FC0 /* Assets.xcassets */; };
		98A4A2F422BA34C300A92FC0 /* LaunchScreen.storyboard in Resources */ = {isa = PBXBuildFile; fileRef = 98A4A2F222BA34C300A92FC0 /* LaunchScreen.storyboard */; };
/* End PBXBuildFile section */

/* Begin PBXFileReference section */
		98A4A2E322BA34C200A92FC0 /* CoreData ToDo.app */ = {isa = PBXFileReference; explicitFileType = wrapper.application; includeInIndex = 0; path = "CoreData ToDo.app"; sourceTree = BUILT_PRODUCTS_DIR; };
		98A4A2E622BA34C200A92FC0 /* AppDelegate.swift */ = {isa = PBXFileReference; lastKnownFileType = sourcecode.swift; path = AppDelegate.swift; sourceTree = "<group>"; };
		98A4A2E822BA34C200A92FC0 /* ViewController.swift */ = {isa = PBXFileReference; lastKnownFileType = sourcecode.swift; path = ViewController.swift; sourceTree = "<group>"; };
		98A4A2EB22BA34C200A92FC0 /* Base */ = {isa = PBXFileReference; lastKnownFileType = file.storyboard; name = Base; path = Base.lproj/Main.storyboard; sourceTree = "<group>"; };
		98A4A2EE22BA34C200A92FC0 /* CoreData_ToDo.xcdatamodel */ = {isa = PBXFileReference; lastKnownFileType = wrapper.xcdatamodel; path = CoreData_ToDo.xcdatamodel; sourceTree = "<group>"; };
		98A4A2F022BA34C300A92FC0 /* Assets.xcassets */ = {isa = PBXFileReference; lastKnownFileType = folder.assetcatalog; path = Assets.xcassets; sourceTree = "<group>"; };
		98A4A2F322BA34C300A92FC0 /* Base */ = {isa = PBXFileReference; lastKnownFileType = file.storyboard; name = Base; path = Base.lproj/LaunchScreen.storyboard; sourceTree = "<group>"; };
		98A4A2F522BA34C300A92FC0 /* Info.plist */ = {isa = PBXFileReference; lastKnownFileType = text.plist.xml; path = Info.plist; sourceTree = "<group>"; };
/* End PBXFileReference section */

/* Begin PBXFrameworksBuildPhase section */
		98A4A2E022BA34C200A92FC0 /* Frameworks */ = {
			isa = PBXFrameworksBuildPhase;
			buildActionMask = 2147483647;
			files = (
			);
			runOnlyForDeploymentPostprocessing = 0;
		};
/* End PBXFrameworksBuildPhase section */

/* Begin PBXGroup section */
		98A4A2DA22BA34C200A92FC0 = {
			isa = PBXGroup;
			children = (
				98A4A2E522BA34C200A92FC0 /* CoreData ToDo */,
				98A4A2E422BA34C200A92FC0 /* Products */,
			);
			sourceTree = "<group>";
		};
		98A4A2E422BA34C200A92FC0 /* Products */ = {
			isa = PBXGroup;
			children = (
				98A4A2E322BA34C200A92FC0 /* CoreData ToDo.app */,
			);
			name = Products;
			sourceTree = "<group>";
		};
		98A4A2E522BA34C200A92FC0 /* CoreData ToDo */ = {
			isa = PBXGroup;
			children = (
				98A4A2E622BA34C200A92FC0 /* AppDelegate.swift */,
				98A4A2E822BA34C200A92FC0 /* ViewController.swift */,
				98A4A2EA22BA34C200A92FC0 /* Main.storyboard */,
				98A4A2F022BA34C300A92FC0 /* Assets.xcassets */,
				98A4A2F222BA34C300A92FC0 /* LaunchScreen.storyboard */,
				98A4A2F522BA34C300A92FC0 /* Info.plist */,
				98A4A2ED22BA34C200A92FC0 /* CoreData_ToDo.xcdatamodeld */,
			);
			path = "CoreData ToDo";
			sourceTree = "<group>";
		};
/* End PBXGroup section */

/* Begin PBXNativeTarget section */
		98A4A2E222BA34C200A92FC0 /* CoreData ToDo */ = {
			isa = PBXNativeTarget;
			buildConfigurationList = 98A4A2F822BA34C300A92FC0 /* Build configuration list for PBXNativeTarget "CoreData ToDo" */;
			buildPhases = (
				98A4A2DF22BA34C200A92FC0 /* Sources */,
				98A4A2E022BA34C200A92FC0 /* Frameworks */,
				98A4A2E122BA34C200A92FC0 /* Resources */,
			);
			buildRules = (
			);
			dependencies = (
			);
			name = "CoreData ToDo";
			productName = "CoreData ToDo";
			productReference = 98A4A2E322BA34C200A92FC0 /* CoreData ToDo.app */;
			productType = "com.apple.product-type.application";
		};
/* End PBXNativeTarget section */

/* Begin PBXProject section */
		98A4A2DB22BA34C200A92FC0 /* Project object */ = {
			isa = PBXProject;
			attributes = {
				LastSwiftUpdateCheck = 1020;
				LastUpgradeCheck = 1020;
				ORGANIZATIONNAME = "Johan Park";
				TargetAttributes = {
					98A4A2E222BA34C200A92FC0 = {
						CreatedOnToolsVersion = 10.2.1;
					};
				};
			};
			buildConfigurationList = 98A4A2DE22BA34C200A92FC0 /* Build configuration list for PBXProject "CoreData ToDo" */;
			compatibilityVersion = "Xcode 9.3";
			developmentRegion = en;
			hasScannedForEncodings = 0;
			knownRegions = (
				en,
				Base,
			);
			mainGroup = 98A4A2DA22BA34C200A92FC0;
			productRefGroup = 98A4A2E422BA34C200A92FC0 /* Products */;
			projectDirPath = "";
			projectRoot = "";
			targets = (
				98A4A2E222BA34C200A92FC0 /* CoreData ToDo */,
			);
		};
/* End PBXProject section */

/* Begin PBXResourcesBuildPhase section */
		98A4A2E122BA34C200A92FC0 /* Resources */ = {
			isa = PBXResourcesBuildPhase;
			buildActionMask = 2147483647;
			files = (
				98A4A2F422BA34C300A92FC0 /* LaunchScreen.storyboard in Resources */,
				98A4A2F122BA34C300A92FC0 /* Assets.xcassets in Resources */,
				98A4A2EC22BA34C200A92FC0 /* Main.storyboard in Resources */,
			);
			runOnlyForDeploymentPostprocessing = 0;
		};
/* End PBXResourcesBuildPhase section */

/* Begin PBXSourcesBuildPhase section */
		98A4A2DF22BA34C200A92FC0 /* Sources */ = {
			isa = PBXSourcesBuildPhase;
			buildActionMask = 2147483647;
			files = (
				98A4A2EF22BA34C200A92FC0 /* CoreData_ToDo.xcdatamodeld in Sources */,
				98A4A2E922BA34C200A92FC0 /* ViewController.swift in Sources */,
				98A4A2E722BA34C200A92FC0 /* AppDelegate.swift in Sources */,
			);
			runOnlyForDeploymentPostprocessing = 0;
		};
/* End PBXSourcesBuildPhase section */

/* Begin PBXVariantGroup section */
		98A4A2EA22BA34C200A92FC0 /* Main.storyboard */ = {
			isa = PBXVariantGroup;
			children = (
				98A4A2EB22BA34C200A92FC0 /* Base */,
			);
			name = Main.storyboard;
			sourceTree = "<group>";
		};
		98A4A2F222BA34C300A92FC0 /* LaunchScreen.storyboard */ = {
			isa = PBXVariantGroup;
			children = (
				98A4A2F322BA34C300A92FC0 /* Base */,
			);
			name = LaunchScreen.storyboard;
			sourceTree = "<group>";
		};
/* End PBXVariantGroup section */

/* Begin XCBuildConfiguration section */
		98A4A2F622BA34C300A92FC0 /* Debug */ = {
			isa = XCBuildConfiguration;
			buildSettings = {
				ALWAYS_SEARCH_USER_PATHS = NO;
				CLANG_ANALYZER_NONNULL = YES;
				CLANG_ANALYZER_NUMBER_OBJECT_CONVERSION = YES_AGGRESSIVE;
				CLANG_CXX_LANGUAGE_STANDARD = "gnu++14";
				CLANG_CXX_LIBRARY = "libc++";
				CLANG_ENABLE_MODULES = YES;
				CLANG_ENABLE_OBJC_ARC = YES;
				CLANG_ENABLE_OBJC_WEAK = YES;
				CLANG_WARN_BLOCK_CAPTURE_AUTORELEASING = YES;
				CLANG_WARN_BOOL_CONVERSION = YES;
				CLANG_WARN_COMMA = YES;
				CLANG_WARN_CONSTANT_CONVERSION = YES;
				CLANG_WARN_DEPRECATED_OBJC_IMPLEMENTATIONS = YES;
				CLANG_WARN_DIRECT_OBJC_ISA_USAGE = YES_ERROR;
				CLANG_WARN_DOCUMENTATION_COMMENTS = YES;
				CLANG_WARN_EMPTY_BODY = YES;
				CLANG_WARN_ENUM_CONVERSION = YES;
				CLANG_WARN_INFINITE_RECURSION = YES;
				CLANG_WARN_INT_CONVERSION = YES;
				CLANG_WARN_NON_LITERAL_NULL_CONVERSION = YES;
				CLANG_WARN_OBJC_IMPLICIT_RETAIN_SELF = YES;
				CLANG_WARN_OBJC_LITERAL_CONVERSION = YES;
				CLANG_WARN_OBJC_ROOT_CLASS = YES_ERROR;
				CLANG_WARN_RANGE_LOOP_ANALYSIS = YES;
				CLANG_WARN_STRICT_PROTOTYPES = YES;
				CLANG_WARN_SUSPICIOUS_MOVE = YES;
				CLANG_WARN_UNGUARDED_AVAILABILITY = YES_AGGRESSIVE;
				CLANG_WARN_UNREACHABLE_CODE = YES;
				CLANG_WARN__DUPLICATE_METHOD_MATCH = YES;
				CODE_SIGN_IDENTITY = "iPhone Developer";
				COPY_PHASE_STRIP = NO;
				DEBUG_INFORMATION_FORMAT = dwarf;
				ENABLE_STRICT_OBJC_MSGSEND = YES;
				ENABLE_TESTABILITY = YES;
				GCC_C_LANGUAGE_STANDARD = gnu11;
				GCC_DYNAMIC_NO_PIC = NO;
				GCC_NO_COMMON_BLOCKS = YES;
				GCC_OPTIMIZATION_LEVEL = 0;
				GCC_PREPROCESSOR_DEFINITIONS = (
					"DEBUG=1",
					"$(inherited)",
				);
				GCC_WARN_64_TO_32_BIT_CONVERSION = YES;
				GCC_WARN_ABOUT_RETURN_TYPE = YES_ERROR;
				GCC_WARN_UNDECLARED_SELECTOR = YES;
				GCC_WARN_UNINITIALIZED_AUTOS = YES_AGGRESSIVE;
				GCC_WARN_UNUSED_FUNCTION = YES;
				GCC_WARN_UNUSED_VARIABLE = YES;
				IPHONEOS_DEPLOYMENT_TARGET = 12.2;
				MTL_ENABLE_DEBUG_INFO = INCLUDE_SOURCE;
				MTL_FAST_MATH = YES;
				ONLY_ACTIVE_ARCH = YES;
				SDKROOT = iphoneos;
				SWIFT_ACTIVE_COMPILATION_CONDITIONS = DEBUG;
				SWIFT_OPTIMIZATION_LEVEL = "-Onone";
			};
			name = Debug;
		};
		98A4A2F722BA34C300A92FC0 /* Release */ = {
			isa = XCBuildConfiguration;
			buildSettings = {
				ALWAYS_SEARCH_USER_PATHS = NO;
				CLANG_ANALYZER_NONNULL = YES;
				CLANG_ANALYZER_NUMBER_OBJECT_CONVERSION = YES_AGGRESSIVE;
				CLANG_CXX_LANGUAGE_STANDARD = "gnu++14";
				CLANG_CXX_LIBRARY = "libc++";
				CLANG_ENABLE_MODULES = YES;
				CLANG_ENABLE_OBJC_ARC = YES;
				CLANG_ENABLE_OBJC_WEAK = YES;
				CLANG_WARN_BLOCK_CAPTURE_AUTORELEASING = YES;
				CLANG_WARN_BOOL_CONVERSION = YES;
				CLANG_WARN_COMMA = YES;
				CLANG_WARN_CONSTANT_CONVERSION = YES;
				CLANG_WARN_DEPRECATED_OBJC_IMPLEMENTATIONS = YES;
				CLANG_WARN_DIRECT_OBJC_ISA_USAGE = YES_ERROR;
				CLANG_WARN_DOCUMENTATION_COMMENTS = YES;
				CLANG_WARN_EMPTY_BODY = YES;
				CLANG_WARN_ENUM_CONVERSION = YES;
				CLANG_WARN_INFINITE_RECURSION = YES;
				CLANG_WARN_INT_CONVERSION = YES;
				CLANG_WARN_NON_LITERAL_NULL_CONVERSION = YES;
				CLANG_WARN_OBJC_IMPLICIT_RETAIN_SELF = YES;
				CLANG_WARN_OBJC_LITERAL_CONVERSION = YES;
				CLANG_WARN_OBJC_ROOT_CLASS = YES_ERROR;
				CLANG_WARN_RANGE_LOOP_ANALYSIS = YES;
				CLANG_WARN_STRICT_PROTOTYPES = YES;
				CLANG_WARN_SUSPICIOUS_MOVE = YES;
				CLANG_WARN_UNGUARDED_AVAILABILITY = YES_AGGRESSIVE;
				CLANG_WARN_UNREACHABLE_CODE = YES;
				CLANG_WARN__DUPLICATE_METHOD_MATCH = YES;
				CODE_SIGN_IDENTITY = "iPhone Developer";
				COPY_PHASE_STRIP = NO;
				DEBUG_INFORMATION_FORMAT = "dwarf-with-dsym";
				ENABLE_NS_ASSERTIONS = NO;
				ENABLE_STRICT_OBJC_MSGSEND = YES;
				GCC_C_LANGUAGE_STANDARD = gnu11;
				GCC_NO_COMMON_BLOCKS = YES;
				GCC_WARN_64_TO_32_BIT_CONVERSION = YES;
				GCC_WARN_ABOUT_RETURN_TYPE = YES_ERROR;
				GCC_WARN_UNDECLARED_SELECTOR = YES;
				GCC_WARN_UNINITIALIZED_AUTOS = YES_AGGRESSIVE;
				GCC_WARN_UNUSED_FUNCTION = YES;
				GCC_WARN_UNUSED_VARIABLE = YES;
				IPHONEOS_DEPLOYMENT_TARGET = 12.2;
				MTL_ENABLE_DEBUG_INFO = NO;
				MTL_FAST_MATH = YES;
				SDKROOT = iphoneos;
				SWIFT_COMPILATION_MODE = wholemodule;
				SWIFT_OPTIMIZATION_LEVEL = "-O";
				VALIDATE_PRODUCT = YES;
			};
			name = Release;
		};
		98A4A2F922BA34C300A92FC0 /* Debug */ = {
			isa = XCBuildConfiguration;
			buildSettings = {
				ASSETCATALOG_COMPILER_APPICON_NAME = AppIcon;
				CODE_SIGN_STYLE = Automatic;
				INFOPLIST_FILE = "CoreData ToDo/Info.plist";
				LD_RUNPATH_SEARCH_PATHS = (
					"$(inherited)",
					"@executable_path/Frameworks",
				);
				PRODUCT_BUNDLE_IDENTIFIER = "parkjohan.johanpark.CoreData-ToDo";
				PRODUCT_NAME = "$(TARGET_NAME)";
				SWIFT_VERSION = 5.0;
				TARGETED_DEVICE_FAMILY = "1,2";
			};
			name = Debug;
		};
		98A4A2FA22BA34C300A92FC0 /* Release */ = {
			isa = XCBuildConfiguration;
			buildSettings = {
				ASSETCATALOG_COMPILER_APPICON_NAME = AppIcon;
				CODE_SIGN_STYLE = Automatic;
				INFOPLIST_FILE = "CoreData ToDo/Info.plist";
				LD_RUNPATH_SEARCH_PATHS = (
					"$(inherited)",
					"@executable_path/Frameworks",
				);
				PRODUCT_BUNDLE_IDENTIFIER = "parkjohan.johanpark.CoreData-ToDo";
				PRODUCT_NAME = "$(TARGET_NAME)";
				SWIFT_VERSION = 5.0;
				TARGETED_DEVICE_FAMILY = "1,2";
			};
			name = Release;
		};
/* End XCBuildConfiguration section */

/* Begin XCConfigurationList section */
		98A4A2DE22BA34C200A92FC0 /* Build configuration list for PBXProject "CoreData ToDo" */ = {
			isa = XCConfigurationList;
			buildConfigurations = (
				98A4A2F622BA34C300A92FC0 /* Debug */,
				98A4A2F722BA34C300A92FC0 /* Release */,
			);
			defaultConfigurationIsVisible = 0;
			defaultConfigurationName = Release;
		};
		98A4A2F822BA34C300A92FC0 /* Build configuration list for PBXNativeTarget "CoreData ToDo" */ = {
			isa = XCConfigurationList;
			buildConfigurations = (
				98A4A2F922BA34C300A92FC0 /* Debug */,
				98A4A2FA22BA34C300A92FC0 /* Release */,
			);
			defaultConfigurationIsVisible = 0;
			defaultConfigurationName = Release;
		};
/* End XCConfigurationList section */

/* Begin XCVersionGroup section */
		98A4A2ED22BA34C200A92FC0 /* CoreData_ToDo.xcdatamodeld */ = {
			isa = XCVersionGroup;
			children = (
				98A4A2EE22BA34C200A92FC0 /* CoreData_ToDo.xcdatamodel */,
			);
			currentVersion = 98A4A2EE22BA34C200A92FC0 /* CoreData_ToDo.xcdatamodel */;
			path = CoreData_ToDo.xcdatamodeld;
			sourceTree = "<group>";
			versionGroupType = wrapper.xcdatamodel;
		};
/* End XCVersionGroup section */
	};
	rootObject = 98A4A2DB22BA34C200A92FC0 /* Project object */;
}
